
Microsoft Visual Studio Solution File, Format Version 12.00
# Visual Studio 2012
Project("{E24C65DC-7377-472B-9ABA-BC803B73C61A}") = "SVGGameExample", ".", "{D9E80469-7C3D-457B-975B-3DB621B0D2DF}"
	ProjectSection(WebsiteProperties) = preProject
		TargetFrameworkMoniker = ".NETFramework,Version%3Dv4.0"
		Debug.AspNetCompiler.VirtualPath = "/SVGGameExample"
		Debug.AspNetCompiler.PhysicalPath = "..\..\..\GitHub\SVGGameExample\"
		Debug.AspNetCompiler.TargetPath = "PrecompiledWeb\SVGGameExample\"
		Debug.AspNetCompiler.Updateable = "true"
		Debug.AspNetCompiler.ForceOverwrite = "true"
		Debug.AspNetCompiler.FixedNames = "false"
		Debug.AspNetCompiler.Debug = "True"
		Release.AspNetCompiler.VirtualPath = "/SVGGameExample"
		Release.AspNetCompiler.PhysicalPath = "..\..\..\GitHub\SVGGameExample\"
		Release.AspNetCompiler.TargetPath = "PrecompiledWeb\SVGGameExample\"
		Release.AspNetCompiler.Updateable = "true"
		Release.AspNetCompiler.ForceOverwrite = "true"
		Release.AspNetCompiler.FixedNames = "false"
		Release.AspNetCompiler.Debug = "False"
		VWDPort = "3404"
	EndProjectSection
EndProject
Global
	GlobalSection(SolutionConfigurationPlatforms) = preSolution
		Debug|Any CPU = Debug|Any CPU
	EndGlobalSection
	GlobalSection(ProjectConfigurationPlatforms) = postSolution
		{D9E80469-7C3D-457B-975B-3DB621B0D2DF}.Debug|Any CPU.ActiveCfg = Debug|Any CPU
		{D9E80469-7C3D-457B-975B-3DB621B0D2DF}.Debug|Any CPU.Build.0 = Debug|Any CPU
	EndGlobalSection
	GlobalSection(SolutionProperties) = preSolution
		HideSolutionNode = FALSE
	EndGlobalSection
EndGlobal
